
Microsoft Visual Studio Solution File, Format Version 12.00
# Visual Studio Version 17
VisualStudioVersion = 17.0.31903.59
MinimumVisualStudioVersion = 10.0.40219.1
Project("{FAE04EC0-301F-11D3-BF4B-00C04F79EFBC}") = "Ado.Net.Console", "Ado.Net.Console\Ado.Net.Console.csproj", "{E33FE309-9BC8-49CB-B1DC-6F3B32543260}"
EndProject
Global
	GlobalSection(SolutionConfigurationPlatforms) = preSolution
		Debug|Any CPU = Debug|Any CPU
		Release|Any CPU = Release|Any CPU
	EndGlobalSection
	GlobalSection(ProjectConfigurationPlatforms) = postSolution
		{E33FE309-9BC8-49CB-B1DC-6F3B32543260}.Debug|Any CPU.ActiveCfg = Debug|Any CPU
		{E33FE309-9BC8-49CB-B1DC-6F3B32543260}.Debug|Any CPU.Build.0 = Debug|Any CPU
		{E33FE309-9BC8-49CB-B1DC-6F3B32543260}.Release|Any CPU.ActiveCfg = Release|Any CPU
		{E33FE309-9BC8-49CB-B1DC-6F3B32543260}.Release|Any CPU.Build.0 = Release|Any CPU
	EndGlobalSection
	GlobalSection(SolutionProperties) = preSolution
		HideSolutionNode = FALSE
	EndGlobalSection
	GlobalSection(ExtensibilityGlobals) = postSolution
		SolutionGuid = {660262B4-0A93-4DAA-A181-6A7F4C116C5F}
	EndGlobalSection
EndGlobal
